// !$*UTF8*$!
{
	archiveVersion = 1;
	classes = {
	};
	objectVersion = 56;
	objects = {

/* Begin PBXBuildFile section */
		A71A5AED2C33A72F002F5C3B /* RMRequest.swift in Sources */ = {isa = PBXBuildFile; fileRef = A71A5AEC2C33A72F002F5C3B /* RMRequest.swift */; };
		A71A5AF12C33A7BC002F5C3B /* RMEndpoint.swift in Sources */ = {isa = PBXBuildFile; fileRef = A71A5AF02C33A7BC002F5C3B /* RMEndpoint.swift */; };
		A71A5AF32C33ACAE002F5C3B /* RMOriginModel.swift in Sources */ = {isa = PBXBuildFile; fileRef = A71A5AF22C33ACAE002F5C3B /* RMOriginModel.swift */; };
		A71A5AF52C33AD19002F5C3B /* RMSingleLocationModel.swift in Sources */ = {isa = PBXBuildFile; fileRef = A71A5AF42C33AD19002F5C3B /* RMSingleLocationModel.swift */; };
		A71A5AF72C33AED1002F5C3B /* RMCharacterStatus.swift in Sources */ = {isa = PBXBuildFile; fileRef = A71A5AF62C33AED1002F5C3B /* RMCharacterStatus.swift */; };
		A71A5AF92C33AF36002F5C3B /* RMCharacterGender.swift in Sources */ = {isa = PBXBuildFile; fileRef = A71A5AF82C33AF36002F5C3B /* RMCharacterGender.swift */; };
		A7C1325C2C322D3100A0AB4A /* AppDelegate.swift in Sources */ = {isa = PBXBuildFile; fileRef = A7C1325B2C322D3100A0AB4A /* AppDelegate.swift */; };
		A7C1325E2C322D3100A0AB4A /* SceneDelegate.swift in Sources */ = {isa = PBXBuildFile; fileRef = A7C1325D2C322D3100A0AB4A /* SceneDelegate.swift */; };
		A7C132602C322D3100A0AB4A /* RMTabViewController.swift in Sources */ = {isa = PBXBuildFile; fileRef = A7C1325F2C322D3100A0AB4A /* RMTabViewController.swift */; };
		A7C132662C322D3100A0AB4A /* RickAndMortyUIKit.xcdatamodeld in Sources */ = {isa = PBXBuildFile; fileRef = A7C132642C322D3100A0AB4A /* RickAndMortyUIKit.xcdatamodeld */; };
		A7C132682C322D3200A0AB4A /* Assets.xcassets in Resources */ = {isa = PBXBuildFile; fileRef = A7C132672C322D3200A0AB4A /* Assets.xcassets */; };
		A7C1326B2C322D3200A0AB4A /* Base in Resources */ = {isa = PBXBuildFile; fileRef = A7C1326A2C322D3200A0AB4A /* Base */; };
		A7C1327C2C322FE400A0AB4A /* RMLocationModel.swift in Sources */ = {isa = PBXBuildFile; fileRef = A7C1327B2C322FE400A0AB4A /* RMLocationModel.swift */; };
		A7C1327E2C322FF000A0AB4A /* RMCharacterModel.swift in Sources */ = {isa = PBXBuildFile; fileRef = A7C1327D2C322FF000A0AB4A /* RMCharacterModel.swift */; };
		A7C132802C322FFD00A0AB4A /* RMEpisodeModel.swift in Sources */ = {isa = PBXBuildFile; fileRef = A7C1327F2C322FFD00A0AB4A /* RMEpisodeModel.swift */; };
		A7C132832C32308700A0AB4A /* RMCharacterViewController.swift in Sources */ = {isa = PBXBuildFile; fileRef = A7C132822C32308700A0AB4A /* RMCharacterViewController.swift */; };
		A7C132852C3230A600A0AB4A /* RMLocationViewController.swift in Sources */ = {isa = PBXBuildFile; fileRef = A7C132842C3230A600A0AB4A /* RMLocationViewController.swift */; };
		A7C132872C3230B800A0AB4A /* RMEpisodeViewController.swift in Sources */ = {isa = PBXBuildFile; fileRef = A7C132862C3230B800A0AB4A /* RMEpisodeViewController.swift */; };
		A7C132892C3230CC00A0AB4A /* RMSettingsViewController.swift in Sources */ = {isa = PBXBuildFile; fileRef = A7C132882C3230CC00A0AB4A /* RMSettingsViewController.swift */; };
		A7C1328B2C32552400A0AB4A /* RMService.swift in Sources */ = {isa = PBXBuildFile; fileRef = A7C1328A2C32552400A0AB4A /* RMService.swift */; };
/* End PBXBuildFile section */

/* Begin PBXFileReference section */
		A71A5AEC2C33A72F002F5C3B /* RMRequest.swift */ = {isa = PBXFileReference; lastKnownFileType = sourcecode.swift; path = RMRequest.swift; sourceTree = "<group>"; };
		A71A5AF02C33A7BC002F5C3B /* RMEndpoint.swift */ = {isa = PBXFileReference; lastKnownFileType = sourcecode.swift; path = RMEndpoint.swift; sourceTree = "<group>"; };
		A71A5AF22C33ACAE002F5C3B /* RMOriginModel.swift */ = {isa = PBXFileReference; lastKnownFileType = sourcecode.swift; path = RMOriginModel.swift; sourceTree = "<group>"; };
		A71A5AF42C33AD19002F5C3B /* RMSingleLocationModel.swift */ = {isa = PBXFileReference; lastKnownFileType = sourcecode.swift; path = RMSingleLocationModel.swift; sourceTree = "<group>"; };
		A71A5AF62C33AED1002F5C3B /* RMCharacterStatus.swift */ = {isa = PBXFileReference; lastKnownFileType = sourcecode.swift; path = RMCharacterStatus.swift; sourceTree = "<group>"; };
		A71A5AF82C33AF36002F5C3B /* RMCharacterGender.swift */ = {isa = PBXFileReference; lastKnownFileType = sourcecode.swift; path = RMCharacterGender.swift; sourceTree = "<group>"; };
		A7C132582C322D3100A0AB4A /* RickAndMortyUIKit.app */ = {isa = PBXFileReference; explicitFileType = wrapper.application; includeInIndex = 0; path = RickAndMortyUIKit.app; sourceTree = BUILT_PRODUCTS_DIR; };
		A7C1325B2C322D3100A0AB4A /* AppDelegate.swift */ = {isa = PBXFileReference; lastKnownFileType = sourcecode.swift; path = AppDelegate.swift; sourceTree = "<group>"; };
		A7C1325D2C322D3100A0AB4A /* SceneDelegate.swift */ = {isa = PBXFileReference; lastKnownFileType = sourcecode.swift; path = SceneDelegate.swift; sourceTree = "<group>"; };
		A7C1325F2C322D3100A0AB4A /* RMTabViewController.swift */ = {isa = PBXFileReference; lastKnownFileType = sourcecode.swift; path = RMTabViewController.swift; sourceTree = "<group>"; };
		A7C132652C322D3100A0AB4A /* RickAndMortyUIKit.xcdatamodel */ = {isa = PBXFileReference; lastKnownFileType = wrapper.xcdatamodel; path = RickAndMortyUIKit.xcdatamodel; sourceTree = "<group>"; };
		A7C132672C322D3200A0AB4A /* Assets.xcassets */ = {isa = PBXFileReference; lastKnownFileType = folder.assetcatalog; path = Assets.xcassets; sourceTree = "<group>"; };
		A7C1326A2C322D3200A0AB4A /* Base */ = {isa = PBXFileReference; lastKnownFileType = file.storyboard; name = Base; path = Base.lproj/LaunchScreen.storyboard; sourceTree = "<group>"; };
		A7C1326C2C322D3200A0AB4A /* Info.plist */ = {isa = PBXFileReference; lastKnownFileType = text.plist.xml; path = Info.plist; sourceTree = "<group>"; };
		A7C1327B2C322FE400A0AB4A /* RMLocationModel.swift */ = {isa = PBXFileReference; lastKnownFileType = sourcecode.swift; path = RMLocationModel.swift; sourceTree = "<group>"; };
		A7C1327D2C322FF000A0AB4A /* RMCharacterModel.swift */ = {isa = PBXFileReference; lastKnownFileType = sourcecode.swift; path = RMCharacterModel.swift; sourceTree = "<group>"; };
		A7C1327F2C322FFD00A0AB4A /* RMEpisodeModel.swift */ = {isa = PBXFileReference; lastKnownFileType = sourcecode.swift; path = RMEpisodeModel.swift; sourceTree = "<group>"; };
		A7C132822C32308700A0AB4A /* RMCharacterViewController.swift */ = {isa = PBXFileReference; lastKnownFileType = sourcecode.swift; path = RMCharacterViewController.swift; sourceTree = "<group>"; };
		A7C132842C3230A600A0AB4A /* RMLocationViewController.swift */ = {isa = PBXFileReference; lastKnownFileType = sourcecode.swift; path = RMLocationViewController.swift; sourceTree = "<group>"; };
		A7C132862C3230B800A0AB4A /* RMEpisodeViewController.swift */ = {isa = PBXFileReference; lastKnownFileType = sourcecode.swift; path = RMEpisodeViewController.swift; sourceTree = "<group>"; };
		A7C132882C3230CC00A0AB4A /* RMSettingsViewController.swift */ = {isa = PBXFileReference; lastKnownFileType = sourcecode.swift; path = RMSettingsViewController.swift; sourceTree = "<group>"; };
		A7C1328A2C32552400A0AB4A /* RMService.swift */ = {isa = PBXFileReference; lastKnownFileType = sourcecode.swift; path = RMService.swift; sourceTree = "<group>"; };
/* End PBXFileReference section */

/* Begin PBXFrameworksBuildPhase section */
		A7C132552C322D3100A0AB4A /* Frameworks */ = {
			isa = PBXFrameworksBuildPhase;
			buildActionMask = 2147483647;
			files = (
			);
			runOnlyForDeploymentPostprocessing = 0;
		};
/* End PBXFrameworksBuildPhase section */

/* Begin PBXGroup section */
		A7C1324F2C322D3100A0AB4A = {
			isa = PBXGroup;
			children = (
				A7C1325A2C322D3100A0AB4A /* RickAndMortyUIKit */,
				A7C132592C322D3100A0AB4A /* Products */,
			);
			sourceTree = "<group>";
		};
		A7C132592C322D3100A0AB4A /* Products */ = {
			isa = PBXGroup;
			children = (
				A7C132582C322D3100A0AB4A /* RickAndMortyUIKit.app */,
			);
			name = Products;
			sourceTree = "<group>";
		};
		A7C1325A2C322D3100A0AB4A /* RickAndMortyUIKit */ = {
			isa = PBXGroup;
			children = (
				A7C132782C322F5400A0AB4A /* Resources */,
				A7C132772C322F4900A0AB4A /* APIClient */,
				A7C132762C322F4200A0AB4A /* Managers */,
				A7C132752C322F3000A0AB4A /* ViewModels */,
				A7C132742C322F2B00A0AB4A /* Views */,
				A7C132732C322F2400A0AB4A /* Models */,
				A7C132722C322F1C00A0AB4A /* Controllers */,
				A7C1326C2C322D3200A0AB4A /* Info.plist */,
				A7C132642C322D3100A0AB4A /* RickAndMortyUIKit.xcdatamodeld */,
			);
			path = RickAndMortyUIKit;
			sourceTree = "<group>";
		};
		A7C132722C322F1C00A0AB4A /* Controllers */ = {
			isa = PBXGroup;
			children = (
				A7C132812C32306A00A0AB4A /* Core */,
			);
			path = Controllers;
			sourceTree = "<group>";
		};
		A7C132732C322F2400A0AB4A /* Models */ = {
			isa = PBXGroup;
			children = (
				A7C1327B2C322FE400A0AB4A /* RMLocationModel.swift */,
				A7C1327D2C322FF000A0AB4A /* RMCharacterModel.swift */,
				A7C1327F2C322FFD00A0AB4A /* RMEpisodeModel.swift */,
				A71A5AF22C33ACAE002F5C3B /* RMOriginModel.swift */,
				A71A5AF42C33AD19002F5C3B /* RMSingleLocationModel.swift */,
				A71A5AF62C33AED1002F5C3B /* RMCharacterStatus.swift */,
				A71A5AF82C33AF36002F5C3B /* RMCharacterGender.swift */,
			);
			path = Models;
			sourceTree = "<group>";
		};
		A7C132742C322F2B00A0AB4A /* Views */ = {
			isa = PBXGroup;
			children = (
			);
			path = Views;
			sourceTree = "<group>";
		};
		A7C132752C322F3000A0AB4A /* ViewModels */ = {
			isa = PBXGroup;
			children = (
			);
			path = ViewModels;
			sourceTree = "<group>";
		};
		A7C132762C322F4200A0AB4A /* Managers */ = {
			isa = PBXGroup;
			children = (
			);
			path = Managers;
			sourceTree = "<group>";
		};
		A7C132772C322F4900A0AB4A /* APIClient */ = {
			isa = PBXGroup;
			children = (
				A7C1328A2C32552400A0AB4A /* RMService.swift */,
				A71A5AEC2C33A72F002F5C3B /* RMRequest.swift */,
				A71A5AF02C33A7BC002F5C3B /* RMEndpoint.swift */,
			);
			path = APIClient;
			sourceTree = "<group>";
		};
		A7C132782C322F5400A0AB4A /* Resources */ = {
			isa = PBXGroup;
			children = (
				A7C132672C322D3200A0AB4A /* Assets.xcassets */,
				A7C132692C322D3200A0AB4A /* LaunchScreen.storyboard */,
				A7C1325B2C322D3100A0AB4A /* AppDelegate.swift */,
				A7C1325D2C322D3100A0AB4A /* SceneDelegate.swift */,
			);
			path = Resources;
			sourceTree = "<group>";
		};
		A7C132812C32306A00A0AB4A /* Core */ = {
			isa = PBXGroup;
			children = (
				A7C1325F2C322D3100A0AB4A /* RMTabViewController.swift */,
				A7C132822C32308700A0AB4A /* RMCharacterViewController.swift */,
				A7C132842C3230A600A0AB4A /* RMLocationViewController.swift */,
				A7C132862C3230B800A0AB4A /* RMEpisodeViewController.swift */,
				A7C132882C3230CC00A0AB4A /* RMSettingsViewController.swift */,
			);
			path = Core;
			sourceTree = "<group>";
		};
/* End PBXGroup section */

/* Begin PBXNativeTarget section */
		A7C132572C322D3100A0AB4A /* RickAndMortyUIKit */ = {
			isa = PBXNativeTarget;
			buildConfigurationList = A7C1326F2C322D3200A0AB4A /* Build configuration list for PBXNativeTarget "RickAndMortyUIKit" */;
			buildPhases = (
				A7C132542C322D3100A0AB4A /* Sources */,
				A7C132552C322D3100A0AB4A /* Frameworks */,
				A7C132562C322D3100A0AB4A /* Resources */,
			);
			buildRules = (
			);
			dependencies = (
			);
			name = RickAndMortyUIKit;
			productName = RickAndMortyUIKit;
			productReference = A7C132582C322D3100A0AB4A /* RickAndMortyUIKit.app */;
			productType = "com.apple.product-type.application";
		};
/* End PBXNativeTarget section */

/* Begin PBXProject section */
		A7C132502C322D3100A0AB4A /* Project object */ = {
			isa = PBXProject;
			attributes = {
				BuildIndependentTargetsInParallel = 1;
				LastSwiftUpdateCheck = 1530;
				LastUpgradeCheck = 1530;
				TargetAttributes = {
					A7C132572C322D3100A0AB4A = {
						CreatedOnToolsVersion = 15.3;
					};
				};
			};
			buildConfigurationList = A7C132532C322D3100A0AB4A /* Build configuration list for PBXProject "RickAndMortyUIKit" */;
			compatibilityVersion = "Xcode 14.0";
			developmentRegion = en;
			hasScannedForEncodings = 0;
			knownRegions = (
				en,
				Base,
			);
			mainGroup = A7C1324F2C322D3100A0AB4A;
			productRefGroup = A7C132592C322D3100A0AB4A /* Products */;
			projectDirPath = "";
			projectRoot = "";
			targets = (
				A7C132572C322D3100A0AB4A /* RickAndMortyUIKit */,
			);
		};
/* End PBXProject section */

/* Begin PBXResourcesBuildPhase section */
		A7C132562C322D3100A0AB4A /* Resources */ = {
			isa = PBXResourcesBuildPhase;
			buildActionMask = 2147483647;
			files = (
				A7C132682C322D3200A0AB4A /* Assets.xcassets in Resources */,
				A7C1326B2C322D3200A0AB4A /* Base in Resources */,
			);
			runOnlyForDeploymentPostprocessing = 0;
		};
/* End PBXResourcesBuildPhase section */

/* Begin PBXSourcesBuildPhase section */
		A7C132542C322D3100A0AB4A /* Sources */ = {
			isa = PBXSourcesBuildPhase;
			buildActionMask = 2147483647;
			files = (
				A7C132852C3230A600A0AB4A /* RMLocationViewController.swift in Sources */,
				A71A5AF52C33AD19002F5C3B /* RMSingleLocationModel.swift in Sources */,
				A7C1327C2C322FE400A0AB4A /* RMLocationModel.swift in Sources */,
				A7C1328B2C32552400A0AB4A /* RMService.swift in Sources */,
				A7C132602C322D3100A0AB4A /* RMTabViewController.swift in Sources */,
				A7C132872C3230B800A0AB4A /* RMEpisodeViewController.swift in Sources */,
				A71A5AF12C33A7BC002F5C3B /* RMEndpoint.swift in Sources */,
				A7C1327E2C322FF000A0AB4A /* RMCharacterModel.swift in Sources */,
				A71A5AED2C33A72F002F5C3B /* RMRequest.swift in Sources */,
				A71A5AF72C33AED1002F5C3B /* RMCharacterStatus.swift in Sources */,
				A7C132892C3230CC00A0AB4A /* RMSettingsViewController.swift in Sources */,
				A71A5AF92C33AF36002F5C3B /* RMCharacterGender.swift in Sources */,
				A7C1325C2C322D3100A0AB4A /* AppDelegate.swift in Sources */,
				A7C1325E2C322D3100A0AB4A /* SceneDelegate.swift in Sources */,
				A7C132832C32308700A0AB4A /* RMCharacterViewController.swift in Sources */,
				A7C132802C322FFD00A0AB4A /* RMEpisodeModel.swift in Sources */,
				A71A5AF32C33ACAE002F5C3B /* RMOriginModel.swift in Sources */,
				A7C132662C322D3100A0AB4A /* RickAndMortyUIKit.xcdatamodeld in Sources */,
			);
			runOnlyForDeploymentPostprocessing = 0;
		};
/* End PBXSourcesBuildPhase section */

/* Begin PBXVariantGroup section */
		A7C132692C322D3200A0AB4A /* LaunchScreen.storyboard */ = {
			isa = PBXVariantGroup;
			children = (
				A7C1326A2C322D3200A0AB4A /* Base */,
			);
			name = LaunchScreen.storyboard;
			sourceTree = "<group>";
		};
/* End PBXVariantGroup section */

/* Begin XCBuildConfiguration section */
		A7C1326D2C322D3200A0AB4A /* Debug */ = {
			isa = XCBuildConfiguration;
			buildSettings = {
				ALWAYS_SEARCH_USER_PATHS = NO;
				ASSETCATALOG_COMPILER_GENERATE_SWIFT_ASSET_SYMBOL_EXTENSIONS = YES;
				CLANG_ANALYZER_NONNULL = YES;
				CLANG_ANALYZER_NUMBER_OBJECT_CONVERSION = YES_AGGRESSIVE;
				CLANG_CXX_LANGUAGE_STANDARD = "gnu++20";
				CLANG_ENABLE_MODULES = YES;
				CLANG_ENABLE_OBJC_ARC = YES;
				CLANG_ENABLE_OBJC_WEAK = YES;
				CLANG_WARN_BLOCK_CAPTURE_AUTORELEASING = YES;
				CLANG_WARN_BOOL_CONVERSION = YES;
				CLANG_WARN_COMMA = YES;
				CLANG_WARN_CONSTANT_CONVERSION = YES;
				CLANG_WARN_DEPRECATED_OBJC_IMPLEMENTATIONS = YES;
				CLANG_WARN_DIRECT_OBJC_ISA_USAGE = YES_ERROR;
				CLANG_WARN_DOCUMENTATION_COMMENTS = YES;
				CLANG_WARN_EMPTY_BODY = YES;
				CLANG_WARN_ENUM_CONVERSION = YES;
				CLANG_WARN_INFINITE_RECURSION = YES;
				CLANG_WARN_INT_CONVERSION = YES;
				CLANG_WARN_NON_LITERAL_NULL_CONVERSION = YES;
				CLANG_WARN_OBJC_IMPLICIT_RETAIN_SELF = YES;
				CLANG_WARN_OBJC_LITERAL_CONVERSION = YES;
				CLANG_WARN_OBJC_ROOT_CLASS = YES_ERROR;
				CLANG_WARN_QUOTED_INCLUDE_IN_FRAMEWORK_HEADER = YES;
				CLANG_WARN_RANGE_LOOP_ANALYSIS = YES;
				CLANG_WARN_STRICT_PROTOTYPES = YES;
				CLANG_WARN_SUSPICIOUS_MOVE = YES;
				CLANG_WARN_UNGUARDED_AVAILABILITY = YES_AGGRESSIVE;
				CLANG_WARN_UNREACHABLE_CODE = YES;
				CLANG_WARN__DUPLICATE_METHOD_MATCH = YES;
				COPY_PHASE_STRIP = NO;
				DEBUG_INFORMATION_FORMAT = dwarf;
				ENABLE_STRICT_OBJC_MSGSEND = YES;
				ENABLE_TESTABILITY = YES;
				ENABLE_USER_SCRIPT_SANDBOXING = YES;
				GCC_C_LANGUAGE_STANDARD = gnu17;
				GCC_DYNAMIC_NO_PIC = NO;
				GCC_NO_COMMON_BLOCKS = YES;
				GCC_OPTIMIZATION_LEVEL = 0;
				GCC_PREPROCESSOR_DEFINITIONS = (
					"DEBUG=1",
					"$(inherited)",
				);
				GCC_WARN_64_TO_32_BIT_CONVERSION = YES;
				GCC_WARN_ABOUT_RETURN_TYPE = YES_ERROR;
				GCC_WARN_UNDECLARED_SELECTOR = YES;
				GCC_WARN_UNINITIALIZED_AUTOS = YES_AGGRESSIVE;
				GCC_WARN_UNUSED_FUNCTION = YES;
				GCC_WARN_UNUSED_VARIABLE = YES;
				IPHONEOS_DEPLOYMENT_TARGET = 17.4;
				LOCALIZATION_PREFERS_STRING_CATALOGS = YES;
				MTL_ENABLE_DEBUG_INFO = INCLUDE_SOURCE;
				MTL_FAST_MATH = YES;
				ONLY_ACTIVE_ARCH = YES;
				SDKROOT = iphoneos;
				SWIFT_ACTIVE_COMPILATION_CONDITIONS = "DEBUG $(inherited)";
				SWIFT_OPTIMIZATION_LEVEL = "-Onone";
			};
			name = Debug;
		};
		A7C1326E2C322D3200A0AB4A /* Release */ = {
			isa = XCBuildConfiguration;
			buildSettings = {
				ALWAYS_SEARCH_USER_PATHS = NO;
				ASSETCATALOG_COMPILER_GENERATE_SWIFT_ASSET_SYMBOL_EXTENSIONS = YES;
				CLANG_ANALYZER_NONNULL = YES;
				CLANG_ANALYZER_NUMBER_OBJECT_CONVERSION = YES_AGGRESSIVE;
				CLANG_CXX_LANGUAGE_STANDARD = "gnu++20";
				CLANG_ENABLE_MODULES = YES;
				CLANG_ENABLE_OBJC_ARC = YES;
				CLANG_ENABLE_OBJC_WEAK = YES;
				CLANG_WARN_BLOCK_CAPTURE_AUTORELEASING = YES;
				CLANG_WARN_BOOL_CONVERSION = YES;
				CLANG_WARN_COMMA = YES;
				CLANG_WARN_CONSTANT_CONVERSION = YES;
				CLANG_WARN_DEPRECATED_OBJC_IMPLEMENTATIONS = YES;
				CLANG_WARN_DIRECT_OBJC_ISA_USAGE = YES_ERROR;
				CLANG_WARN_DOCUMENTATION_COMMENTS = YES;
				CLANG_WARN_EMPTY_BODY = YES;
				CLANG_WARN_ENUM_CONVERSION = YES;
				CLANG_WARN_INFINITE_RECURSION = YES;
				CLANG_WARN_INT_CONVERSION = YES;
				CLANG_WARN_NON_LITERAL_NULL_CONVERSION = YES;
				CLANG_WARN_OBJC_IMPLICIT_RETAIN_SELF = YES;
				CLANG_WARN_OBJC_LITERAL_CONVERSION = YES;
				CLANG_WARN_OBJC_ROOT_CLASS = YES_ERROR;
				CLANG_WARN_QUOTED_INCLUDE_IN_FRAMEWORK_HEADER = YES;
				CLANG_WARN_RANGE_LOOP_ANALYSIS = YES;
				CLANG_WARN_STRICT_PROTOTYPES = YES;
				CLANG_WARN_SUSPICIOUS_MOVE = YES;
				CLANG_WARN_UNGUARDED_AVAILABILITY = YES_AGGRESSIVE;
				CLANG_WARN_UNREACHABLE_CODE = YES;
				CLANG_WARN__DUPLICATE_METHOD_MATCH = YES;
				COPY_PHASE_STRIP = NO;
				DEBUG_INFORMATION_FORMAT = "dwarf-with-dsym";
				ENABLE_NS_ASSERTIONS = NO;
				ENABLE_STRICT_OBJC_MSGSEND = YES;
				ENABLE_USER_SCRIPT_SANDBOXING = YES;
				GCC_C_LANGUAGE_STANDARD = gnu17;
				GCC_NO_COMMON_BLOCKS = YES;
				GCC_WARN_64_TO_32_BIT_CONVERSION = YES;
				GCC_WARN_ABOUT_RETURN_TYPE = YES_ERROR;
				GCC_WARN_UNDECLARED_SELECTOR = YES;
				GCC_WARN_UNINITIALIZED_AUTOS = YES_AGGRESSIVE;
				GCC_WARN_UNUSED_FUNCTION = YES;
				GCC_WARN_UNUSED_VARIABLE = YES;
				IPHONEOS_DEPLOYMENT_TARGET = 17.4;
				LOCALIZATION_PREFERS_STRING_CATALOGS = YES;
				MTL_ENABLE_DEBUG_INFO = NO;
				MTL_FAST_MATH = YES;
				SDKROOT = iphoneos;
				SWIFT_COMPILATION_MODE = wholemodule;
				VALIDATE_PRODUCT = YES;
			};
			name = Release;
		};
		A7C132702C322D3200A0AB4A /* Debug */ = {
			isa = XCBuildConfiguration;
			buildSettings = {
				ASSETCATALOG_COMPILER_APPICON_NAME = AppIcon;
				ASSETCATALOG_COMPILER_GLOBAL_ACCENT_COLOR_NAME = AccentColor;
				CODE_SIGN_STYLE = Automatic;
				CURRENT_PROJECT_VERSION = 1;
				DEVELOPMENT_TEAM = BGV6KH8286;
				GENERATE_INFOPLIST_FILE = YES;
				INFOPLIST_FILE = RickAndMortyUIKit/Info.plist;
				INFOPLIST_KEY_UIApplicationSupportsIndirectInputEvents = YES;
				INFOPLIST_KEY_UILaunchStoryboardName = LaunchScreen;
				INFOPLIST_KEY_UISupportedInterfaceOrientations_iPad = "UIInterfaceOrientationPortrait UIInterfaceOrientationPortraitUpsideDown UIInterfaceOrientationLandscapeLeft UIInterfaceOrientationLandscapeRight";
				INFOPLIST_KEY_UISupportedInterfaceOrientations_iPhone = "UIInterfaceOrientationPortrait UIInterfaceOrientationLandscapeLeft UIInterfaceOrientationLandscapeRight";
				LD_RUNPATH_SEARCH_PATHS = (
					"$(inherited)",
					"@executable_path/Frameworks",
				);
				MARKETING_VERSION = 1.0;
				PRODUCT_BUNDLE_IDENTIFIER = erick.RickAndMortyUIKit;
				PRODUCT_NAME = "$(TARGET_NAME)";
				SWIFT_EMIT_LOC_STRINGS = YES;
				SWIFT_VERSION = 5.0;
				TARGETED_DEVICE_FAMILY = "1,2";
			};
			name = Debug;
		};
		A7C132712C322D3200A0AB4A /* Release */ = {
			isa = XCBuildConfiguration;
			buildSettings = {
				ASSETCATALOG_COMPILER_APPICON_NAME = AppIcon;
				ASSETCATALOG_COMPILER_GLOBAL_ACCENT_COLOR_NAME = AccentColor;
				CODE_SIGN_STYLE = Automatic;
				CURRENT_PROJECT_VERSION = 1;
				DEVELOPMENT_TEAM = BGV6KH8286;
				GENERATE_INFOPLIST_FILE = YES;
				INFOPLIST_FILE = RickAndMortyUIKit/Info.plist;
				INFOPLIST_KEY_UIApplicationSupportsIndirectInputEvents = YES;
				INFOPLIST_KEY_UILaunchStoryboardName = LaunchScreen;
				INFOPLIST_KEY_UISupportedInterfaceOrientations_iPad = "UIInterfaceOrientationPortrait UIInterfaceOrientationPortraitUpsideDown UIInterfaceOrientationLandscapeLeft UIInterfaceOrientationLandscapeRight";
				INFOPLIST_KEY_UISupportedInterfaceOrientations_iPhone = "UIInterfaceOrientationPortrait UIInterfaceOrientationLandscapeLeft UIInterfaceOrientationLandscapeRight";
				LD_RUNPATH_SEARCH_PATHS = (
					"$(inherited)",
					"@executable_path/Frameworks",
				);
				MARKETING_VERSION = 1.0;
				PRODUCT_BUNDLE_IDENTIFIER = erick.RickAndMortyUIKit;
				PRODUCT_NAME = "$(TARGET_NAME)";
				SWIFT_EMIT_LOC_STRINGS = YES;
				SWIFT_VERSION = 5.0;
				TARGETED_DEVICE_FAMILY = "1,2";
			};
			name = Release;
		};
/* End XCBuildConfiguration section */

/* Begin XCConfigurationList section */
		A7C132532C322D3100A0AB4A /* Build configuration list for PBXProject "RickAndMortyUIKit" */ = {
			isa = XCConfigurationList;
			buildConfigurations = (
				A7C1326D2C322D3200A0AB4A /* Debug */,
				A7C1326E2C322D3200A0AB4A /* Release */,
			);
			defaultConfigurationIsVisible = 0;
			defaultConfigurationName = Release;
		};
		A7C1326F2C322D3200A0AB4A /* Build configuration list for PBXNativeTarget "RickAndMortyUIKit" */ = {
			isa = XCConfigurationList;
			buildConfigurations = (
				A7C132702C322D3200A0AB4A /* Debug */,
				A7C132712C322D3200A0AB4A /* Release */,
			);
			defaultConfigurationIsVisible = 0;
			defaultConfigurationName = Release;
		};
/* End XCConfigurationList section */

/* Begin XCVersionGroup section */
		A7C132642C322D3100A0AB4A /* RickAndMortyUIKit.xcdatamodeld */ = {
			isa = XCVersionGroup;
			children = (
				A7C132652C322D3100A0AB4A /* RickAndMortyUIKit.xcdatamodel */,
			);
			currentVersion = A7C132652C322D3100A0AB4A /* RickAndMortyUIKit.xcdatamodel */;
			path = RickAndMortyUIKit.xcdatamodeld;
			sourceTree = "<group>";
			versionGroupType = wrapper.xcdatamodel;
		};
/* End XCVersionGroup section */
	};
	rootObject = A7C132502C322D3100A0AB4A /* Project object */;
}
